
Microsoft Visual Studio Solution File, Format Version 12.00
# Visual Studio 14
VisualStudioVersion = 14.0.25420.1
MinimumVisualStudioVersion = 10.0.40219.1
Project("{8BC9CEB8-8B4A-11D0-8D11-00A0C91BC942}") = "Indexer4", "Indexer4\Indexer4.vcxproj", "{C93F4A01-09EF-4939-928A-3333C680DB2C}"
EndProject
Project("{888888A0-9F3D-457C-B088-3A5042F75D52}") = "Indexer4py", "Indexer4py\Indexer4py.pyproj", "{5A203874-607A-4EBA-BD15-E6CC161AD8FE}"
EndProject
Project("{888888A0-9F3D-457C-B088-3A5042F75D52}") = "FunctionTest", "FunctionTest\FunctionTest.pyproj", "{513E4E5F-BFA3-497F-96F1-ACF8CBA1D271}"
EndProject
Global
	GlobalSection(SolutionConfigurationPlatforms) = preSolution
		Debug|Any CPU = Debug|Any CPU
		Debug|x64 = Debug|x64
		Debug|x86 = Debug|x86
		Release|Any CPU = Release|Any CPU
		Release|x64 = Release|x64
		Release|x86 = Release|x86
	EndGlobalSection
	GlobalSection(ProjectConfigurationPlatforms) = postSolution
		{C93F4A01-09EF-4939-928A-3333C680DB2C}.Debug|Any CPU.ActiveCfg = Debug|Win32
		{C93F4A01-09EF-4939-928A-3333C680DB2C}.Debug|x64.ActiveCfg = Debug|x64
		{C93F4A01-09EF-4939-928A-3333C680DB2C}.Debug|x64.Build.0 = Debug|x64
		{C93F4A01-09EF-4939-928A-3333C680DB2C}.Debug|x86.ActiveCfg = Debug|Win32
		{C93F4A01-09EF-4939-928A-3333C680DB2C}.Debug|x86.Build.0 = Debug|Win32
		{C93F4A01-09EF-4939-928A-3333C680DB2C}.Release|Any CPU.ActiveCfg = Release|Win32
		{C93F4A01-09EF-4939-928A-3333C680DB2C}.Release|x64.ActiveCfg = Release|x64
		{C93F4A01-09EF-4939-928A-3333C680DB2C}.Release|x64.Build.0 = Release|x64
		{C93F4A01-09EF-4939-928A-3333C680DB2C}.Release|x86.ActiveCfg = Release|Win32
		{C93F4A01-09EF-4939-928A-3333C680DB2C}.Release|x86.Build.0 = Release|Win32
		{5A203874-607A-4EBA-BD15-E6CC161AD8FE}.Debug|Any CPU.ActiveCfg = Debug|Any CPU
		{5A203874-607A-4EBA-BD15-E6CC161AD8FE}.Debug|x64.ActiveCfg = Debug|Any CPU
		{5A203874-607A-4EBA-BD15-E6CC161AD8FE}.Debug|x86.ActiveCfg = Debug|Any CPU
		{5A203874-607A-4EBA-BD15-E6CC161AD8FE}.Release|Any CPU.ActiveCfg = Release|Any CPU
		{5A203874-607A-4EBA-BD15-E6CC161AD8FE}.Release|x64.ActiveCfg = Release|Any CPU
		{5A203874-607A-4EBA-BD15-E6CC161AD8FE}.Release|x86.ActiveCfg = Release|Any CPU
		{513E4E5F-BFA3-497F-96F1-ACF8CBA1D271}.Debug|Any CPU.ActiveCfg = Debug|Any CPU
		{513E4E5F-BFA3-497F-96F1-ACF8CBA1D271}.Debug|x64.ActiveCfg = Debug|Any CPU
		{513E4E5F-BFA3-497F-96F1-ACF8CBA1D271}.Debug|x86.ActiveCfg = Debug|Any CPU
		{513E4E5F-BFA3-497F-96F1-ACF8CBA1D271}.Release|Any CPU.ActiveCfg = Release|Any CPU
		{513E4E5F-BFA3-497F-96F1-ACF8CBA1D271}.Release|x64.ActiveCfg = Release|Any CPU
		{513E4E5F-BFA3-497F-96F1-ACF8CBA1D271}.Release|x86.ActiveCfg = Release|Any CPU
	EndGlobalSection
	GlobalSection(SolutionProperties) = preSolution
		HideSolutionNode = FALSE
	EndGlobalSection
EndGlobal
